
Microsoft Visual Studio Solution File, Format Version 12.00
# Visual Studio Version 17
VisualStudioVersion = 17.4.33205.214
MinimumVisualStudioVersion = 10.0.40219.1
Project("{FAE04EC0-301F-11D3-BF4B-00C04F79EFBC}") = "simple-weather-app", "simple-weather-app\simple-weather-app.csproj", "{660296AB-5A90-430C-9379-399B6178E01B}"
EndProject
Global
	GlobalSection(SolutionConfigurationPlatforms) = preSolution
		Debug|Any CPU = Debug|Any CPU
		Release|Any CPU = Release|Any CPU
	EndGlobalSection
	GlobalSection(ProjectConfigurationPlatforms) = postSolution
		{660296AB-5A90-430C-9379-399B6178E01B}.Debug|Any CPU.ActiveCfg = Debug|Any CPU
		{660296AB-5A90-430C-9379-399B6178E01B}.Debug|Any CPU.Build.0 = Debug|Any CPU
		{660296AB-5A90-430C-9379-399B6178E01B}.Release|Any CPU.ActiveCfg = Release|Any CPU
		{660296AB-5A90-430C-9379-399B6178E01B}.Release|Any CPU.Build.0 = Release|Any CPU
	EndGlobalSection
	GlobalSection(SolutionProperties) = preSolution
		HideSolutionNode = FALSE
	EndGlobalSection
	GlobalSection(ExtensibilityGlobals) = postSolution
		SolutionGuid = {F35D0CEC-9F2B-4D56-9E44-C6BD695390A3}
	EndGlobalSection
EndGlobal
